
Microsoft Visual Studio Solution File, Format Version 12.00
# Visual Studio Version 17
VisualStudioVersion = 17.9.34607.119
MinimumVisualStudioVersion = 10.0.40219.1
Project("{FAE04EC0-301F-11D3-BF4B-00C04F79EFBC}") = "Win11Toolbar", "Win11Toolbar.csproj", "{23854EC9-DB71-4E18-AD06-BD434566E2FF}"
EndProject
Global
	GlobalSection(SolutionConfigurationPlatforms) = preSolution
		Debug|Any CPU = Debug|Any CPU
		Release|Any CPU = Release|Any CPU
	EndGlobalSection
	GlobalSection(ProjectConfigurationPlatforms) = postSolution
		{23854EC9-DB71-4E18-AD06-BD434566E2FF}.Debug|Any CPU.ActiveCfg = Debug|Any CPU
		{23854EC9-DB71-4E18-AD06-BD434566E2FF}.Debug|Any CPU.Build.0 = Debug|Any CPU
		{23854EC9-DB71-4E18-AD06-BD434566E2FF}.Release|Any CPU.ActiveCfg = Release|Any CPU
		{23854EC9-DB71-4E18-AD06-BD434566E2FF}.Release|Any CPU.Build.0 = Release|Any CPU
	EndGlobalSection
	GlobalSection(SolutionProperties) = preSolution
		HideSolutionNode = FALSE
	EndGlobalSection
	GlobalSection(ExtensibilityGlobals) = postSolution
		SolutionGuid = {EA4D2E75-F2BB-42C2-94F9-9B7B9275C05F}
	EndGlobalSection
EndGlobal
